
Microsoft Visual Studio Solution File, Format Version 12.00
# Visual Studio 15
VisualStudioVersion = 15.0.27703.2018
MinimumVisualStudioVersion = 10.0.40219.1
Project("{FAE04EC0-301F-11D3-BF4B-00C04F79EFBC}") = "Turrel", "Turrel\Turrel.csproj", "{B80442A4-A3C8-4FA6-8E02-75A990FCCAE8}"
EndProject
Global
	GlobalSection(SolutionConfigurationPlatforms) = preSolution
		Debug|Any CPU = Debug|Any CPU
		Release|Any CPU = Release|Any CPU
	EndGlobalSection
	GlobalSection(ProjectConfigurationPlatforms) = postSolution
		{B80442A4-A3C8-4FA6-8E02-75A990FCCAE8}.Debug|Any CPU.ActiveCfg = Debug|Any CPU
		{B80442A4-A3C8-4FA6-8E02-75A990FCCAE8}.Debug|Any CPU.Build.0 = Debug|Any CPU
		{B80442A4-A3C8-4FA6-8E02-75A990FCCAE8}.Release|Any CPU.ActiveCfg = Release|Any CPU
		{B80442A4-A3C8-4FA6-8E02-75A990FCCAE8}.Release|Any CPU.Build.0 = Release|Any CPU
	EndGlobalSection
	GlobalSection(SolutionProperties) = preSolution
		HideSolutionNode = FALSE
	EndGlobalSection
	GlobalSection(ExtensibilityGlobals) = postSolution
		SolutionGuid = {133021B1-D58F-4AB9-B090-C63875904C7B}
	EndGlobalSection
EndGlobal
